
Microsoft Visual Studio Solution File, Format Version 12.00
# Visual Studio Version 16
VisualStudioVersion = 16.0.30225.117
MinimumVisualStudioVersion = 10.0.40219.1
Project("{FAE04EC0-301F-11D3-BF4B-00C04F79EFBC}") = "LaibraryForAll.Models", "LaibraryForAll.Models\LaibraryForAll.Models.csproj", "{CABA4DE1-8291-45B6-B05F-3D82B8C466E7}"
EndProject
Project("{FAE04EC0-301F-11D3-BF4B-00C04F79EFBC}") = "LibraryForAll.Api", "LibraryForAll.Api\LibraryForAll.Api.csproj", "{3F566213-F592-4DF3-AE3F-900E346A9A12}"
EndProject
Global
	GlobalSection(SolutionConfigurationPlatforms) = preSolution
		Debug|Any CPU = Debug|Any CPU
		Release|Any CPU = Release|Any CPU
	EndGlobalSection
	GlobalSection(ProjectConfigurationPlatforms) = postSolution
		{CABA4DE1-8291-45B6-B05F-3D82B8C466E7}.Debug|Any CPU.ActiveCfg = Debug|Any CPU
		{CABA4DE1-8291-45B6-B05F-3D82B8C466E7}.Debug|Any CPU.Build.0 = Debug|Any CPU
		{CABA4DE1-8291-45B6-B05F-3D82B8C466E7}.Release|Any CPU.ActiveCfg = Release|Any CPU
		{CABA4DE1-8291-45B6-B05F-3D82B8C466E7}.Release|Any CPU.Build.0 = Release|Any CPU
		{3F566213-F592-4DF3-AE3F-900E346A9A12}.Debug|Any CPU.ActiveCfg = Debug|Any CPU
		{3F566213-F592-4DF3-AE3F-900E346A9A12}.Debug|Any CPU.Build.0 = Debug|Any CPU
		{3F566213-F592-4DF3-AE3F-900E346A9A12}.Release|Any CPU.ActiveCfg = Release|Any CPU
		{3F566213-F592-4DF3-AE3F-900E346A9A12}.Release|Any CPU.Build.0 = Release|Any CPU
	EndGlobalSection
	GlobalSection(SolutionProperties) = preSolution
		HideSolutionNode = FALSE
	EndGlobalSection
	GlobalSection(ExtensibilityGlobals) = postSolution
		SolutionGuid = {D90255AB-F397-49A0-BE1F-43EA2056C80A}
	EndGlobalSection
EndGlobal
